
Microsoft Visual Studio Solution File, Format Version 12.00
# Visual Studio Version 17
VisualStudioVersion = 17.0.31808.319
MinimumVisualStudioVersion = 10.0.40219.1
Project("{FAE04EC0-301F-11D3-BF4B-00C04F79EFBC}") = "MP.Blazor.Library", "MP.Blazor.Library\MP.Blazor.Library.csproj", "{00D9B760-6EE5-4429-AC65-83F257D53878}"
EndProject
Global
	GlobalSection(SolutionConfigurationPlatforms) = preSolution
		Debug|Any CPU = Debug|Any CPU
		Release|Any CPU = Release|Any CPU
	EndGlobalSection
	GlobalSection(ProjectConfigurationPlatforms) = postSolution
		{00D9B760-6EE5-4429-AC65-83F257D53878}.Debug|Any CPU.ActiveCfg = Debug|Any CPU
		{00D9B760-6EE5-4429-AC65-83F257D53878}.Debug|Any CPU.Build.0 = Debug|Any CPU
		{00D9B760-6EE5-4429-AC65-83F257D53878}.Release|Any CPU.ActiveCfg = Release|Any CPU
		{00D9B760-6EE5-4429-AC65-83F257D53878}.Release|Any CPU.Build.0 = Release|Any CPU
	EndGlobalSection
	GlobalSection(SolutionProperties) = preSolution
		HideSolutionNode = FALSE
	EndGlobalSection
	GlobalSection(ExtensibilityGlobals) = postSolution
		SolutionGuid = {C80372D5-A99F-4AAE-869C-46822A7F17C0}
	EndGlobalSection
EndGlobal
